
Microsoft Visual Studio Solution File, Format Version 12.00
# Visual Studio Version 17
VisualStudioVersion = 17.4.33122.133
MinimumVisualStudioVersion = 10.0.40219.1
Project("{FAE04EC0-301F-11D3-BF4B-00C04F79EFBC}") = "Bank Application", "Bank Application\Bank Application.csproj", "{E83FC212-00E8-4072-9EF2-5BCB4BB87789}"
EndProject
Global
	GlobalSection(SolutionConfigurationPlatforms) = preSolution
		Debug|Any CPU = Debug|Any CPU
		Release|Any CPU = Release|Any CPU
	EndGlobalSection
	GlobalSection(ProjectConfigurationPlatforms) = postSolution
		{E83FC212-00E8-4072-9EF2-5BCB4BB87789}.Debug|Any CPU.ActiveCfg = Debug|Any CPU
		{E83FC212-00E8-4072-9EF2-5BCB4BB87789}.Debug|Any CPU.Build.0 = Debug|Any CPU
		{E83FC212-00E8-4072-9EF2-5BCB4BB87789}.Release|Any CPU.ActiveCfg = Release|Any CPU
		{E83FC212-00E8-4072-9EF2-5BCB4BB87789}.Release|Any CPU.Build.0 = Release|Any CPU
	EndGlobalSection
	GlobalSection(SolutionProperties) = preSolution
		HideSolutionNode = FALSE
	EndGlobalSection
	GlobalSection(ExtensibilityGlobals) = postSolution
		SolutionGuid = {B7D8F440-63F8-4A87-8A35-E942C1FFF6E1}
	EndGlobalSection
EndGlobal
